
Microsoft Visual Studio Solution File, Format Version 12.00
# Visual Studio Version 17
VisualStudioVersion = 17.13.35828.75 d17.13
MinimumVisualStudioVersion = 10.0.40219.1
Project("{FAE04EC0-301F-11D3-BF4B-00C04F79EFBC}") = "TpFinal", "TpFinal\TpFinal.csproj", "{1DD8F2F5-41BB-44D5-9CA0-21364A52FA71}"
EndProject
Project("{FAE04EC0-301F-11D3-BF4B-00C04F79EFBC}") = "ConexionDB", "ConexionDB\ConexionDB.csproj", "{43727578-6A2F-4301-BB6E-ABBB5A0FEC9C}"
EndProject
Project("{FAE04EC0-301F-11D3-BF4B-00C04F79EFBC}") = "Dominio", "Dominio\Dominio.csproj", "{2AA71963-996B-4FFC-AC31-9DB1DB450160}"
EndProject
Global
	GlobalSection(SolutionConfigurationPlatforms) = preSolution
		Debug|Any CPU = Debug|Any CPU
		Release|Any CPU = Release|Any CPU
	EndGlobalSection
	GlobalSection(ProjectConfigurationPlatforms) = postSolution
		{1DD8F2F5-41BB-44D5-9CA0-21364A52FA71}.Debug|Any CPU.ActiveCfg = Debug|Any CPU
		{1DD8F2F5-41BB-44D5-9CA0-21364A52FA71}.Debug|Any CPU.Build.0 = Debug|Any CPU
		{1DD8F2F5-41BB-44D5-9CA0-21364A52FA71}.Release|Any CPU.ActiveCfg = Release|Any CPU
		{1DD8F2F5-41BB-44D5-9CA0-21364A52FA71}.Release|Any CPU.Build.0 = Release|Any CPU
		{43727578-6A2F-4301-BB6E-ABBB5A0FEC9C}.Debug|Any CPU.ActiveCfg = Debug|Any CPU
		{43727578-6A2F-4301-BB6E-ABBB5A0FEC9C}.Debug|Any CPU.Build.0 = Debug|Any CPU
		{43727578-6A2F-4301-BB6E-ABBB5A0FEC9C}.Release|Any CPU.ActiveCfg = Release|Any CPU
		{43727578-6A2F-4301-BB6E-ABBB5A0FEC9C}.Release|Any CPU.Build.0 = Release|Any CPU
		{2AA71963-996B-4FFC-AC31-9DB1DB450160}.Debug|Any CPU.ActiveCfg = Debug|Any CPU
		{2AA71963-996B-4FFC-AC31-9DB1DB450160}.Debug|Any CPU.Build.0 = Debug|Any CPU
		{2AA71963-996B-4FFC-AC31-9DB1DB450160}.Release|Any CPU.ActiveCfg = Release|Any CPU
		{2AA71963-996B-4FFC-AC31-9DB1DB450160}.Release|Any CPU.Build.0 = Release|Any CPU
	EndGlobalSection
	GlobalSection(SolutionProperties) = preSolution
		HideSolutionNode = FALSE
	EndGlobalSection
	GlobalSection(ExtensibilityGlobals) = postSolution
		SolutionGuid = {E933F860-BF18-4F5A-8668-24F78E778D0B}
	EndGlobalSection
EndGlobal
